
Microsoft Visual Studio Solution File, Format Version 12.00
# Visual Studio 15
VisualStudioVersion = 15.0.28010.2036
MinimumVisualStudioVersion = 10.0.40219.1
Project("{FAE04EC0-301F-11D3-BF4B-00C04F79EFBC}") = "HeuristicLab.HiveProblem.Plugin", "HeuristcLab.HiveProblem.Plugin\HeuristicLab.HiveProblem.Plugin.csproj", "{FED7B1BE-A26F-4F25-987E-88CE6E1418B3}"
EndProject
Project("{FAE04EC0-301F-11D3-BF4B-00C04F79EFBC}") = "HeuristicLab.Easy4SimMultiEncoding.Plugin", "HeuristcLab.Easy4SimMultiEncoding.Plugin\HeuristicLab.Easy4SimMultiEncoding.Plugin.csproj", "{5741C8B4-F0AB-480E-B37D-C616810C3DF4}"
EndProject
Global
	GlobalSection(SolutionConfigurationPlatforms) = preSolution
		Debug|Any CPU = Debug|Any CPU
		Release|Any CPU = Release|Any CPU
	EndGlobalSection
	GlobalSection(ProjectConfigurationPlatforms) = postSolution
		{FED7B1BE-A26F-4F25-987E-88CE6E1418B3}.Debug|Any CPU.ActiveCfg = Debug|Any CPU
		{FED7B1BE-A26F-4F25-987E-88CE6E1418B3}.Debug|Any CPU.Build.0 = Debug|Any CPU
		{FED7B1BE-A26F-4F25-987E-88CE6E1418B3}.Release|Any CPU.ActiveCfg = Release|Any CPU
		{FED7B1BE-A26F-4F25-987E-88CE6E1418B3}.Release|Any CPU.Build.0 = Release|Any CPU
		{5741C8B4-F0AB-480E-B37D-C616810C3DF4}.Debug|Any CPU.ActiveCfg = Debug|Any CPU
		{5741C8B4-F0AB-480E-B37D-C616810C3DF4}.Debug|Any CPU.Build.0 = Debug|Any CPU
		{5741C8B4-F0AB-480E-B37D-C616810C3DF4}.Release|Any CPU.ActiveCfg = Release|Any CPU
		{5741C8B4-F0AB-480E-B37D-C616810C3DF4}.Release|Any CPU.Build.0 = Release|Any CPU
	EndGlobalSection
	GlobalSection(SolutionProperties) = preSolution
		HideSolutionNode = FALSE
	EndGlobalSection
	GlobalSection(ExtensibilityGlobals) = postSolution
		SolutionGuid = {03728E16-2C1D-41A1-B0F4-2DAC73F427DD}
	EndGlobalSection
EndGlobal
